
Microsoft Visual Studio Solution File, Format Version 12.00
# Visual Studio Version 16
VisualStudioVersion = 16.0.29609.76
MinimumVisualStudioVersion = 10.0.40219.1
Project("{FAE04EC0-301F-11D3-BF4B-00C04F79EFBC}") = "OPD12", "OPD12\OPD12.csproj", "{EA1A2C2A-B1BA-4DE5-AD3A-77A58ED3C250}"
EndProject
Project("{FAE04EC0-301F-11D3-BF4B-00C04F79EFBC}") = "OPD12Tests", "OPD12Tests\OPD12Tests.csproj", "{22275CA9-5B04-48BA-8F3D-91D109390E30}"
EndProject
Global
	GlobalSection(SolutionConfigurationPlatforms) = preSolution
		Debug|Any CPU = Debug|Any CPU
		Release|Any CPU = Release|Any CPU
	EndGlobalSection
	GlobalSection(ProjectConfigurationPlatforms) = postSolution
		{EA1A2C2A-B1BA-4DE5-AD3A-77A58ED3C250}.Debug|Any CPU.ActiveCfg = Debug|Any CPU
		{EA1A2C2A-B1BA-4DE5-AD3A-77A58ED3C250}.Debug|Any CPU.Build.0 = Debug|Any CPU
		{EA1A2C2A-B1BA-4DE5-AD3A-77A58ED3C250}.Release|Any CPU.ActiveCfg = Release|Any CPU
		{EA1A2C2A-B1BA-4DE5-AD3A-77A58ED3C250}.Release|Any CPU.Build.0 = Release|Any CPU
		{22275CA9-5B04-48BA-8F3D-91D109390E30}.Debug|Any CPU.ActiveCfg = Debug|Any CPU
		{22275CA9-5B04-48BA-8F3D-91D109390E30}.Debug|Any CPU.Build.0 = Debug|Any CPU
		{22275CA9-5B04-48BA-8F3D-91D109390E30}.Release|Any CPU.ActiveCfg = Release|Any CPU
		{22275CA9-5B04-48BA-8F3D-91D109390E30}.Release|Any CPU.Build.0 = Release|Any CPU
	EndGlobalSection
	GlobalSection(SolutionProperties) = preSolution
		HideSolutionNode = FALSE
	EndGlobalSection
	GlobalSection(ExtensibilityGlobals) = postSolution
		SolutionGuid = {CBB38386-F90B-4ABD-92BB-591026EC04D3}
	EndGlobalSection
EndGlobal
